// !$*UTF8*$!
{
	archiveVersion = 1;
	classes = {
	};
	objectVersion = 110;
	objects = {

/* Begin PBXBuildFile section */
		66B72E36302D32E600DE1CBB /* WidgetKit.framework in Frameworks */ = {isa = PBXBuildFile; fileRef = 66B72E35302D32E600DE1CBB /* WidgetKit.framework */; };
		66B72E38302D32E600DE1CBB /* SwiftUI.framework in Frameworks */ = {isa = PBXBuildFile; fileRef = 66B72E37302D32E600DE1CBB /* SwiftUI.framework */; };
		66B72E47302D32E600DE1CBB /* FurlingWidgetExtension.appex in Embed Foundation Extensions */ = {isa = PBXBuildFile; fileRef = 66B72E33302D32E600DE1CBB /* FurlingWidgetExtension.appex */; settings = {ATTRIBUTES = (RemoveHeadersOnCopy, ); }; };
/* End PBXBuildFile section */

/* Begin PBXContainerItemProxy section */
		66B72E45302D32E600DE1CBB /* PBXContainerItemProxy */ = {
			isa = PBXContainerItemProxy;
			containerPortal = 66B72E13302D31D700DE1CBB /* Project object */;
			proxyType = 1;
			remoteGlobalIDString = 66B72E32302D32E600DE1CBB;
			remoteInfo = FurlingWidgetExtension;
		};
/* End PBXContainerItemProxy section */

/* Begin PBXCopyFilesBuildPhase section */
		66B72E4C302D32E600DE1CBB /* Embed Foundation Extensions */ = {
			isa = PBXCopyFilesBuildPhase;
			dstPath = "";
			dstSubfolder = PlugIns;
			files = (
				66B72E47302D32E600DE1CBB /* FurlingWidgetExtension.appex in Embed Foundation Extensions */,
			);
			name = "Embed Foundation Extensions";
		};
/* End PBXCopyFilesBuildPhase section */

/* Begin PBXFileReference section */
		66B72E1B302D31D700DE1CBB /* Furling.app */ = {isa = PBXFileReference; explicitFileType = wrapper.application; includeInIndex = 0; path = Furling.app; sourceTree = BUILT_PRODUCTS_DIR; };
		66B72E33302D32E600DE1CBB /* FurlingWidgetExtension.appex */ = {isa = PBXFileReference; explicitFileType = "wrapper.app-extension"; includeInIndex = 0; path = FurlingWidgetExtension.appex; sourceTree = BUILT_PRODUCTS_DIR; };
		66B72E35302D32E600DE1CBB /* WidgetKit.framework */ = {isa = PBXFileReference; lastKnownFileType = wrapper.framework; name = WidgetKit.framework; path = System/Library/Frameworks/WidgetKit.framework; sourceTree = SDKROOT; };
		66B72E37302D32E600DE1CBB /* SwiftUI.framework */ = {isa = PBXFileReference; lastKnownFileType = wrapper.framework; name = SwiftUI.framework; path = System/Library/Frameworks/SwiftUI.framework; sourceTree = SDKROOT; };
		66B72E52302D362100DE1CBB /* FurlingWidgetExtension.entitlements */ = {isa = PBXFileReference; lastKnownFileType = text.plist.entitlements; path = FurlingWidgetExtension.entitlements; sourceTree = "<group>"; };
/* End PBXFileReference section */

/* Begin PBXFileSystemSynchronizedBuildFileExceptionSet section */
		662A4864302D46ED00180430 /* Exceptions for "Furling" folder in "Furling" target */ = {
			isa = PBXFileSystemSynchronizedBuildFileExceptionSet;
			membershipExceptions = (
				Info.plist,
			);
			target = 66B72E1A302D31D700DE1CBB /* Furling */;
		};
		66B72E48302D32E600DE1CBB /* Exceptions for "FurlingWidget" folder in "FurlingWidgetExtension" target */ = {
			isa = PBXFileSystemSynchronizedBuildFileExceptionSet;
			membershipExceptions = (
				Info.plist,
			);
			target = 66B72E32302D32E600DE1CBB /* FurlingWidgetExtension */;
		};
		66B72E50302D339C00DE1CBB /* Exceptions for "Furling" folder in "FurlingWidgetExtension" target */ = {
			isa = PBXFileSystemSynchronizedBuildFileExceptionSet;
			membershipExceptions = (
				DistanceStore.swift,
			);
			target = 66B72E32302D32E600DE1CBB /* FurlingWidgetExtension */;
		};
/* End PBXFileSystemSynchronizedBuildFileExceptionSet section */

/* Begin PBXFileSystemSynchronizedRootGroup section */
		66B72E1D302D31D700DE1CBB /* Furling */ = {
			isa = PBXFileSystemSynchronizedRootGroup;
			exceptions = (
				662A4864302D46ED00180430 /* Exceptions for "Furling" folder in "Furling" target */,
				66B72E50302D339C00DE1CBB /* Exceptions for "Furling" folder in "FurlingWidgetExtension" target */,
			);
			path = Furling;
			sourceTree = "<group>";
		};
		66B72E39302D32E600DE1CBB /* FurlingWidget */ = {
			isa = PBXFileSystemSynchronizedRootGroup;
			exceptions = (
				66B72E48302D32E600DE1CBB /* Exceptions for "FurlingWidget" folder in "FurlingWidgetExtension" target */,
			);
			path = FurlingWidget;
			sourceTree = "<group>";
		};
/* End PBXFileSystemSynchronizedRootGroup section */

/* Begin PBXFrameworksBuildPhase section */
		66B72E18302D31D700DE1CBB /* Frameworks */ = {
			isa = PBXFrameworksBuildPhase;
			files = (
			);
		};
		66B72E30302D32E600DE1CBB /* Frameworks */ = {
			isa = PBXFrameworksBuildPhase;
			files = (
				66B72E38302D32E600DE1CBB /* SwiftUI.framework in Frameworks */,
				66B72E36302D32E600DE1CBB /* WidgetKit.framework in Frameworks */,
			);
		};
/* End PBXFrameworksBuildPhase section */

/* Begin PBXGroup section */
		66B72E12302D31D700DE1CBB = {
			isa = PBXGroup;
			children = (
				66B72E52302D362100DE1CBB /* FurlingWidgetExtension.entitlements */,
				66B72E1D302D31D700DE1CBB /* Furling */,
				66B72E39302D32E600DE1CBB /* FurlingWidget */,
				66B72E34302D32E600DE1CBB /* Frameworks */,
				66B72E1C302D31D700DE1CBB /* Products */,
			);
			sourceTree = "<group>";
		};
		66B72E1C302D31D700DE1CBB /* Products */ = {
			isa = PBXGroup;
			children = (
				66B72E1B302D31D700DE1CBB /* Furling.app */,
				66B72E33302D32E600DE1CBB /* FurlingWidgetExtension.appex */,
			);
			name = Products;
			sourceTree = "<group>";
		};
		66B72E34302D32E600DE1CBB /* Frameworks */ = {
			isa = PBXGroup;
			children = (
				66B72E35302D32E600DE1CBB /* WidgetKit.framework */,
				66B72E37302D32E600DE1CBB /* SwiftUI.framework */,
			);
			name = Frameworks;
			sourceTree = "<group>";
		};
/* End PBXGroup section */

/* Begin PBXNativeTarget section */
		66B72E1A302D31D700DE1CBB /* Furling */ = {
			isa = PBXNativeTarget;
			buildConfigurationList = 66B72E26302D31D800DE1CBB /* Build configuration list for PBXNativeTarget "Furling" */;
			buildPhases = (
				66B72E17302D31D700DE1CBB /* Sources */,
				66B72E18302D31D700DE1CBB /* Frameworks */,
				66B72E19302D31D700DE1CBB /* Resources */,
				66B72E4C302D32E600DE1CBB /* Embed Foundation Extensions */,
			);
			buildRules = (
			);
			dependencies = (
				66B72E46302D32E600DE1CBB /* PBXTargetDependency */,
			);
			fileSystemSynchronizedGroups = (
				66B72E1D302D31D700DE1CBB /* Furling */,
			);
			name = Furling;
			productName = Furling;
			productReference = 66B72E1B302D31D700DE1CBB /* Furling.app */;
			productType = "com.apple.product-type.application";
		};
		66B72E32302D32E600DE1CBB /* FurlingWidgetExtension */ = {
			isa = PBXNativeTarget;
			buildConfigurationList = 66B72E49302D32E600DE1CBB /* Build configuration list for PBXNativeTarget "FurlingWidgetExtension" */;
			buildPhases = (
				66B72E2F302D32E600DE1CBB /* Sources */,
				66B72E30302D32E600DE1CBB /* Frameworks */,
				66B72E31302D32E600DE1CBB /* Resources */,
			);
			buildRules = (
			);
			fileSystemSynchronizedGroups = (
				66B72E39302D32E600DE1CBB /* FurlingWidget */,
			);
			name = FurlingWidgetExtension;
			productName = FurlingWidgetExtension;
			productReference = 66B72E33302D32E600DE1CBB /* FurlingWidgetExtension.appex */;
			productType = "com.apple.product-type.app-extension";
		};
/* End PBXNativeTarget section */

/* Begin PBXProject section */
		66B72E13302D31D700DE1CBB /* Project object */ = {
			isa = PBXProject;
			attributes = {
				BuildIndependentTargetsInParallel = 1;
				LastSwiftUpdateCheck = 2700;
				LastUpgradeCheck = 2700;
				TargetAttributes = {
					66B72E1A302D31D700DE1CBB = {
						CreatedOnToolsVersion = 27.0;
					};
					66B72E32302D32E600DE1CBB = {
						CreatedOnToolsVersion = 27.0;
					};
				};
			};
			buildConfigurationList = 66B72E16302D31D700DE1CBB /* Build configuration list for PBXProject "Furling" */;
			developmentRegion = en;
			hasScannedForEncodings = 0;
			knownRegions = (
				en,
				Base,
			);
			mainGroup = 66B72E12302D31D700DE1CBB;
			minimizedProjectReferenceProxies = 1;
			preferredProjectObjectVersion = 77;
			productRefGroup = 66B72E1C302D31D700DE1CBB /* Products */;
			projectDirPath = "";
			projectRoot = "";
			targets = (
				66B72E1A302D31D700DE1CBB /* Furling */,
				66B72E32302D32E600DE1CBB /* FurlingWidgetExtension */,
			);
		};
/* End PBXProject section */

/* Begin PBXResourcesBuildPhase section */
		66B72E19302D31D700DE1CBB /* Resources */ = {
			isa = PBXResourcesBuildPhase;
			files = (
			);
		};
		66B72E31302D32E600DE1CBB /* Resources */ = {
			isa = PBXResourcesBuildPhase;
			files = (
			);
		};
/* End PBXResourcesBuildPhase section */

/* Begin PBXSourcesBuildPhase section */
		66B72E17302D31D700DE1CBB /* Sources */ = {
			isa = PBXSourcesBuildPhase;
			files = (
			);
		};
		66B72E2F302D32E600DE1CBB /* Sources */ = {
			isa = PBXSourcesBuildPhase;
			files = (
			);
		};
/* End PBXSourcesBuildPhase section */

/* Begin PBXTargetDependency section */
		66B72E46302D32E600DE1CBB /* PBXTargetDependency */ = {
			isa = PBXTargetDependency;
			target = 66B72E32302D32E600DE1CBB /* FurlingWidgetExtension */;
			targetProxy = 66B72E45302D32E600DE1CBB /* PBXContainerItemProxy */;
		};
/* End PBXTargetDependency section */

/* Begin XCBuildConfiguration section */
		66B72E24302D31D800DE1CBB /* Debug configuration for PBXProject "Furling" */ = {
			isa = XCBuildConfiguration;
			buildSettings = {
				ALWAYS_SEARCH_USER_PATHS = NO;
				ASSETCATALOG_COMPILER_GENERATE_SWIFT_ASSET_SYMBOL_EXTENSIONS = YES;
				CLANG_ANALYZER_NONNULL = YES;
				CLANG_ANALYZER_NUMBER_OBJECT_CONVERSION = YES_AGGRESSIVE;
				CLANG_CXX_LANGUAGE_STANDARD = "gnu++20";
				CLANG_ENABLE_MODULES = YES;
				CLANG_ENABLE_OBJC_ARC = YES;
				CLANG_ENABLE_OBJC_WEAK = YES;
				CLANG_WARN_BLOCK_CAPTURE_AUTORELEASING = YES;
				CLANG_WARN_BOOL_CONVERSION = YES;
				CLANG_WARN_COMMA = YES;
				CLANG_WARN_CONSTANT_CONVERSION = YES;
				CLANG_WARN_DEPRECATED_OBJC_IMPLEMENTATIONS = YES;
				CLANG_WARN_DIRECT_OBJC_ISA_USAGE = YES_ERROR;
				CLANG_WARN_DOCUMENTATION_COMMENTS = YES;
				CLANG_WARN_EMPTY_BODY = YES;
				CLANG_WARN_ENUM_CONVERSION = YES;
				CLANG_WARN_INFINITE_RECURSION = YES;
				CLANG_WARN_INT_CONVERSION = YES;
				CLANG_WARN_NON_LITERAL_NULL_CONVERSION = YES;
				CLANG_WARN_OBJC_IMPLICIT_RETAIN_SELF = YES;
				CLANG_WARN_OBJC_LITERAL_CONVERSION = YES;
				CLANG_WARN_OBJC_ROOT_CLASS = YES_ERROR;
				CLANG_WARN_QUOTED_INCLUDE_IN_FRAMEWORK_HEADER = YES;
				CLANG_WARN_RANGE_LOOP_ANALYSIS = YES;
				CLANG_WARN_STRICT_PROTOTYPES = YES;
				CLANG_WARN_SUSPICIOUS_MOVE = YES;
				CLANG_WARN_UNGUARDED_AVAILABILITY = YES_AGGRESSIVE;
				CLANG_WARN_UNREACHABLE_CODE = YES;
				CLANG_WARN__DUPLICATE_METHOD_MATCH = YES;
				COPY_PHASE_STRIP = NO;
				DEBUG_INFORMATION_FORMAT = dwarf;
				DEVELOPMENT_TEAM = 5HPZ7RMA28;
				ENABLE_STRICT_OBJC_MSGSEND = YES;
				ENABLE_TESTABILITY = YES;
				ENABLE_USER_SCRIPT_SANDBOXING = YES;
				GCC_C_LANGUAGE_STANDARD = gnu17;
				GCC_DYNAMIC_NO_PIC = NO;
				GCC_NO_COMMON_BLOCKS = YES;
				GCC_OPTIMIZATION_LEVEL = 0;
				GCC_PREPROCESSOR_DEFINITIONS = (
					"DEBUG=1",
					"$(inherited)",
				);
				GCC_WARN_64_TO_32_BIT_CONVERSION = YES;
				GCC_WARN_ABOUT_RETURN_TYPE = YES_ERROR;
				GCC_WARN_UNDECLARED_SELECTOR = YES;
				GCC_WARN_UNINITIALIZED_AUTOS = YES_AGGRESSIVE;
				GCC_WARN_UNUSED_FUNCTION = YES;
				GCC_WARN_UNUSED_VARIABLE = YES;
				IPHONEOS_DEPLOYMENT_TARGET = 27.0;
				LOCALIZATION_PREFERS_STRING_CATALOGS = YES;
				MTL_ENABLE_DEBUG_INFO = INCLUDE_SOURCE;
				MTL_FAST_MATH = YES;
				ONLY_ACTIVE_ARCH = YES;
				SDKROOT = iphoneos;
				SWIFT_ACTIVE_COMPILATION_CONDITIONS = "DEBUG $(inherited)";
				SWIFT_OPTIMIZATION_LEVEL = "-Onone";
			};
			name = Debug;
		};
		66B72E25302D31D800DE1CBB /* Release configuration for PBXProject "Furling" */ = {
			isa = XCBuildConfiguration;
			buildSettings = {
				ALWAYS_SEARCH_USER_PATHS = NO;
				ASSETCATALOG_COMPILER_GENERATE_SWIFT_ASSET_SYMBOL_EXTENSIONS = YES;
				CLANG_ANALYZER_NONNULL = YES;
				CLANG_ANALYZER_NUMBER_OBJECT_CONVERSION = YES_AGGRESSIVE;
				CLANG_CXX_LANGUAGE_STANDARD = "gnu++20";
				CLANG_ENABLE_MODULES = YES;
				CLANG_ENABLE_OBJC_ARC = YES;
				CLANG_ENABLE_OBJC_WEAK = YES;
				CLANG_WARN_BLOCK_CAPTURE_AUTORELEASING = YES;
				CLANG_WARN_BOOL_CONVERSION = YES;
				CLANG_WARN_COMMA = YES;
				CLANG_WARN_CONSTANT_CONVERSION = YES;
				CLANG_WARN_DEPRECATED_OBJC_IMPLEMENTATIONS = YES;
				CLANG_WARN_DIRECT_OBJC_ISA_USAGE = YES_ERROR;
				CLANG_WARN_DOCUMENTATION_COMMENTS = YES;
				CLANG_WARN_EMPTY_BODY = YES;
				CLANG_WARN_ENUM_CONVERSION = YES;
				CLANG_WARN_INFINITE_RECURSION = YES;
				CLANG_WARN_INT_CONVERSION = YES;
				CLANG_WARN_NON_LITERAL_NULL_CONVERSION = YES;
				CLANG_WARN_OBJC_IMPLICIT_RETAIN_SELF = YES;
				CLANG_WARN_OBJC_LITERAL_CONVERSION = YES;
				CLANG_WARN_OBJC_ROOT_CLASS = YES_ERROR;
				CLANG_WARN_QUOTED_INCLUDE_IN_FRAMEWORK_HEADER = YES;
				CLANG_WARN_RANGE_LOOP_ANALYSIS = YES;
				CLANG_WARN_STRICT_PROTOTYPES = YES;
				CLANG_WARN_SUSPICIOUS_MOVE = YES;
				CLANG_WARN_UNGUARDED_AVAILABILITY = YES_AGGRESSIVE;
				CLANG_WARN_UNREACHABLE_CODE = YES;
				CLANG_WARN__DUPLICATE_METHOD_MATCH = YES;
				COPY_PHASE_STRIP = NO;
				DEBUG_INFORMATION_FORMAT = "dwarf-with-dsym";
				DEVELOPMENT_TEAM = 5HPZ7RMA28;
				ENABLE_NS_ASSERTIONS = NO;
				ENABLE_STRICT_OBJC_MSGSEND = YES;
				ENABLE_USER_SCRIPT_SANDBOXING = YES;
				GCC_C_LANGUAGE_STANDARD = gnu17;
				GCC_NO_COMMON_BLOCKS = YES;
				GCC_WARN_64_TO_32_BIT_CONVERSION = YES;
				GCC_WARN_ABOUT_RETURN_TYPE = YES_ERROR;
				GCC_WARN_UNDECLARED_SELECTOR = YES;
				GCC_WARN_UNINITIALIZED_AUTOS = YES_AGGRESSIVE;
				GCC_WARN_UNUSED_FUNCTION = YES;
				GCC_WARN_UNUSED_VARIABLE = YES;
				IPHONEOS_DEPLOYMENT_TARGET = 27.0;
				LOCALIZATION_PREFERS_STRING_CATALOGS = YES;
				MTL_ENABLE_DEBUG_INFO = NO;
				MTL_FAST_MATH = YES;
				SDKROOT = iphoneos;
				SWIFT_COMPILATION_MODE = wholemodule;
				VALIDATE_PRODUCT = YES;
			};
			name = Release;
		};
		66B72E27302D31D800DE1CBB /* Debug configuration for PBXNativeTarget "Furling" */ = {
			isa = XCBuildConfiguration;
			buildSettings = {
				ASSETCATALOG_COMPILER_APPICON_NAME = AppIcon;
				ASSETCATALOG_COMPILER_GLOBAL_ACCENT_COLOR_NAME = AccentColor;
				CODE_SIGN_ENTITLEMENTS = Furling/Furling.entitlements;
				CODE_SIGN_STYLE = Automatic;
				CURRENT_PROJECT_VERSION = 2;
				DEVELOPMENT_TEAM = 5HPZ7RMA28;
				ENABLE_PREVIEWS = YES;
				GENERATE_INFOPLIST_FILE = YES;
				INFOPLIST_FILE = Furling/Info.plist;
				INFOPLIST_KEY_NSHealthShareUsageDescription = "Furling reads your walking and running distance to show today's mileage.";
				INFOPLIST_KEY_NSHealthUpdateUsageDescription = "Furling does not write any data to Health.";
				INFOPLIST_KEY_UIApplicationSceneManifest_Generation = YES;
				INFOPLIST_KEY_UIApplicationSupportsIndirectInputEvents = YES;
				INFOPLIST_KEY_UILaunchScreen_Generation = YES;
				INFOPLIST_KEY_UISupportedInterfaceOrientations_iPad = "UIInterfaceOrientationPortrait UIInterfaceOrientationPortraitUpsideDown UIInterfaceOrientationLandscapeLeft UIInterfaceOrientationLandscapeRight";
				INFOPLIST_KEY_UISupportedInterfaceOrientations_iPhone = "UIInterfaceOrientationPortrait UIInterfaceOrientationLandscapeLeft UIInterfaceOrientationLandscapeRight";
				IPHONEOS_DEPLOYMENT_TARGET = 17.6;
				LD_RUNPATH_SEARCH_PATHS = (
					"$(inherited)",
					"@executable_path/Frameworks",
				);
				MARKETING_VERSION = 1.0;
				PRODUCT_BUNDLE_IDENTIFIER = com.morganthall.Furling;
				PRODUCT_NAME = "$(TARGET_NAME)";
				REGISTER_APP_GROUPS = YES;
				STRING_CATALOG_GENERATE_SYMBOLS = YES;
				SWIFT_APPROACHABLE_CONCURRENCY = YES;
				SWIFT_DEFAULT_ACTOR_ISOLATION = MainActor;
				SWIFT_EMIT_LOC_STRINGS = YES;
				SWIFT_UPCOMING_FEATURE_MEMBER_IMPORT_VISIBILITY = YES;
				SWIFT_VERSION = 5.0;
				TARGETED_DEVICE_FAMILY = "1,2";
			};
			name = Debug;
		};
		66B72E28302D31D800DE1CBB /* Release configuration for PBXNativeTarget "Furling" */ = {
			isa = XCBuildConfiguration;
			buildSettings = {
				ASSETCATALOG_COMPILER_APPICON_NAME = AppIcon;
				ASSETCATALOG_COMPILER_GLOBAL_ACCENT_COLOR_NAME = AccentColor;
				CODE_SIGN_ENTITLEMENTS = Furling/Furling.entitlements;
				CODE_SIGN_STYLE = Automatic;
				CURRENT_PROJECT_VERSION = 2;
				DEVELOPMENT_TEAM = 5HPZ7RMA28;
				ENABLE_PREVIEWS = YES;
				GENERATE_INFOPLIST_FILE = YES;
				INFOPLIST_FILE = Furling/Info.plist;
				INFOPLIST_KEY_NSHealthShareUsageDescription = "Furling reads your walking and running distance to show today's mileage.";
				INFOPLIST_KEY_NSHealthUpdateUsageDescription = "Furling does not write any data to Health.";
				INFOPLIST_KEY_UIApplicationSceneManifest_Generation = YES;
				INFOPLIST_KEY_UIApplicationSupportsIndirectInputEvents = YES;
				INFOPLIST_KEY_UILaunchScreen_Generation = YES;
				INFOPLIST_KEY_UISupportedInterfaceOrientations_iPad = "UIInterfaceOrientationPortrait UIInterfaceOrientationPortraitUpsideDown UIInterfaceOrientationLandscapeLeft UIInterfaceOrientationLandscapeRight";
				INFOPLIST_KEY_UISupportedInterfaceOrientations_iPhone = "UIInterfaceOrientationPortrait UIInterfaceOrientationLandscapeLeft UIInterfaceOrientationLandscapeRight";
				IPHONEOS_DEPLOYMENT_TARGET = 17.6;
				LD_RUNPATH_SEARCH_PATHS = (
					"$(inherited)",
					"@executable_path/Frameworks",
				);
				MARKETING_VERSION = 1.0;
				PRODUCT_BUNDLE_IDENTIFIER = com.morganthall.Furling;
				PRODUCT_NAME = "$(TARGET_NAME)";
				REGISTER_APP_GROUPS = YES;
				STRING_CATALOG_GENERATE_SYMBOLS = YES;
				SWIFT_APPROACHABLE_CONCURRENCY = YES;
				SWIFT_DEFAULT_ACTOR_ISOLATION = MainActor;
				SWIFT_EMIT_LOC_STRINGS = YES;
				SWIFT_UPCOMING_FEATURE_MEMBER_IMPORT_VISIBILITY = YES;
				SWIFT_VERSION = 5.0;
				TARGETED_DEVICE_FAMILY = "1,2";
			};
			name = Release;
		};
		66B72E4A302D32E600DE1CBB /* Debug configuration for PBXNativeTarget "FurlingWidgetExtension" */ = {
			isa = XCBuildConfiguration;
			buildSettings = {
				ASSETCATALOG_COMPILER_GLOBAL_ACCENT_COLOR_NAME = AccentColor;
				ASSETCATALOG_COMPILER_WIDGET_BACKGROUND_COLOR_NAME = WidgetBackground;
				CODE_SIGN_ENTITLEMENTS = FurlingWidgetExtension.entitlements;
				CODE_SIGN_STYLE = Automatic;
				CURRENT_PROJECT_VERSION = 1;
				DEVELOPMENT_TEAM = 5HPZ7RMA28;
				GENERATE_INFOPLIST_FILE = YES;
				INFOPLIST_FILE = FurlingWidget/Info.plist;
				INFOPLIST_KEY_CFBundleDisplayName = FurlingWidget;
				INFOPLIST_KEY_NSHumanReadableCopyright = "";
				LD_RUNPATH_SEARCH_PATHS = (
					"$(inherited)",
					"@executable_path/Frameworks",
					"@executable_path/../../Frameworks",
				);
				MARKETING_VERSION = 1.0;
				PRODUCT_BUNDLE_IDENTIFIER = com.morganthall.Furling.FurlingWidget;
				PRODUCT_NAME = "$(TARGET_NAME)";
				REGISTER_APP_GROUPS = YES;
				SKIP_INSTALL = YES;
				STRING_CATALOG_GENERATE_SYMBOLS = YES;
				SWIFT_APPROACHABLE_CONCURRENCY = YES;
				SWIFT_EMIT_LOC_STRINGS = YES;
				SWIFT_UPCOMING_FEATURE_MEMBER_IMPORT_VISIBILITY = YES;
				SWIFT_VERSION = 5.0;
				TARGETED_DEVICE_FAMILY = "1,2";
			};
			name = Debug;
		};
		66B72E4B302D32E600DE1CBB /* Release configuration for PBXNativeTarget "FurlingWidgetExtension" */ = {
			isa = XCBuildConfiguration;
			buildSettings = {
				ASSETCATALOG_COMPILER_GLOBAL_ACCENT_COLOR_NAME = AccentColor;
				ASSETCATALOG_COMPILER_WIDGET_BACKGROUND_COLOR_NAME = WidgetBackground;
				CODE_SIGN_ENTITLEMENTS = FurlingWidgetExtension.entitlements;
				CODE_SIGN_STYLE = Automatic;
				CURRENT_PROJECT_VERSION = 1;
				DEVELOPMENT_TEAM = 5HPZ7RMA28;
				GENERATE_INFOPLIST_FILE = YES;
				INFOPLIST_FILE = FurlingWidget/Info.plist;
				INFOPLIST_KEY_CFBundleDisplayName = FurlingWidget;
				INFOPLIST_KEY_NSHumanReadableCopyright = "";
				LD_RUNPATH_SEARCH_PATHS = (
					"$(inherited)",
					"@executable_path/Frameworks",
					"@executable_path/../../Frameworks",
				);
				MARKETING_VERSION = 1.0;
				PRODUCT_BUNDLE_IDENTIFIER = com.morganthall.Furling.FurlingWidget;
				PRODUCT_NAME = "$(TARGET_NAME)";
				REGISTER_APP_GROUPS = YES;
				SKIP_INSTALL = YES;
				STRING_CATALOG_GENERATE_SYMBOLS = YES;
				SWIFT_APPROACHABLE_CONCURRENCY = YES;
				SWIFT_EMIT_LOC_STRINGS = YES;
				SWIFT_UPCOMING_FEATURE_MEMBER_IMPORT_VISIBILITY = YES;
				SWIFT_VERSION = 5.0;
				TARGETED_DEVICE_FAMILY = "1,2";
			};
			name = Release;
		};
/* End XCBuildConfiguration section */

/* Begin XCConfigurationList section */
		66B72E16302D31D700DE1CBB /* Build configuration list for PBXProject "Furling" */ = {
			isa = XCConfigurationList;
			buildConfigurations = (
				66B72E24302D31D800DE1CBB /* Debug configuration for PBXProject "Furling" */,
				66B72E25302D31D800DE1CBB /* Release configuration for PBXProject "Furling" */,
			);
			defaultConfigurationName = Release;
		};
		66B72E26302D31D800DE1CBB /* Build configuration list for PBXNativeTarget "Furling" */ = {
			isa = XCConfigurationList;
			buildConfigurations = (
				66B72E27302D31D800DE1CBB /* Debug configuration for PBXNativeTarget "Furling" */,
				66B72E28302D31D800DE1CBB /* Release configuration for PBXNativeTarget "Furling" */,
			);
			defaultConfigurationName = Release;
		};
		66B72E49302D32E600DE1CBB /* Build configuration list for PBXNativeTarget "FurlingWidgetExtension" */ = {
			isa = XCConfigurationList;
			buildConfigurations = (
				66B72E4A302D32E600DE1CBB /* Debug configuration for PBXNativeTarget "FurlingWidgetExtension" */,
				66B72E4B302D32E600DE1CBB /* Release configuration for PBXNativeTarget "FurlingWidgetExtension" */,
			);
			defaultConfigurationName = Release;
		};
/* End XCConfigurationList section */
	};
	rootObject = 66B72E13302D31D700DE1CBB /* Project object */;
	validationLevel = 1;
}
